
Microsoft Visual Studio Solution File, Format Version 12.00
# Visual Studio Version 18
VisualStudioVersion = 18.0.11201.2
MinimumVisualStudioVersion = 10.0.40219.1
Project("{2150E333-8FDC-42A3-9474-1A3956D46DE8}") = "NET", "NET", "{8ED244C1-6F60-4954-BC7F-98D827EA31CC}"
EndProject
Project("{2150E333-8FDC-42A3-9474-1A3956D46DE8}") = "Solution Items", "Solution Items", "{089100B1-113F-4E66-888A-E83F3999EAFD}"
	ProjectSection(SolutionItems) = preProject
		..\.gitignore = ..\.gitignore
		..\CLAUDE.md = ..\CLAUDE.md
		Maui\Directory.Build.props = Maui\Directory.Build.props
		Directory.Build.props = Directory.Build.props
		Directory.Build.targets = Directory.Build.targets
		..\nugets\DrawnUi.Maui.targets = ..\nugets\DrawnUi.Maui.targets
		..\README.md = ..\README.md
	EndProjectSection
EndProject
Project("{D954291E-2A0B-460D-934E-DC6B0785DB48}") = "DrawnUi.Shared", "Shared\DrawnUi.Shared.shproj", "{83974207-9636-48DD-BDB3-98EDECBB1107}"
EndProject
Project("{FAE04EC0-301F-11D3-BF4B-00C04F79EFBC}") = "DrawnUi.Maui", "Maui\DrawnUi\DrawnUi.Maui.csproj", "{93E119B1-4378-87DF-2DD2-A818D1E6C2A2}"
EndProject
Project("{FAE04EC0-301F-11D3-BF4B-00C04F79EFBC}") = "DrawnUi.Blazor", "Blazor\DrawnUi\DrawnUi.Blazor.csproj", "{A600FD05-5DE5-E382-DB79-8E53AD2FED7E}"
EndProject
Project("{FAE04EC0-301F-11D3-BF4B-00C04F79EFBC}") = "BlazorSandbox", "Blazor\Samples\BlazorSandbox\BlazorSandbox.csproj", "{D1B96898-763F-4BB2-A7A5-1F388B0A2703}"
EndProject
Project("{FAE04EC0-301F-11D3-BF4B-00C04F79EFBC}") = "DrawnUi.Maui.Game", "Maui\Addons\DrawnUi.Maui.Game\DrawnUi.Maui.Game.csproj", "{7A411DC6-774F-CE71-459E-2515E1D3AF92}"
EndProject
Project("{D954291E-2A0B-460D-934E-DC6B0785DB48}") = "SharedGame", "SharedGame\SharedGame.shproj", "{F1532DEC-E3EE-4616-8F16-B594C891FCC3}"
EndProject
Project("{FAE04EC0-301F-11D3-BF4B-00C04F79EFBC}") = "Tutorials", "Maui\Samples\Tutorials\Tutorials.csproj", "{991D6033-78C9-5E0A-7D5A-6A8D48CAFD1F}"
EndProject
Project("{D954291E-2A0B-460D-934E-DC6B0785DB48}") = "DrawnUi.SharedNet", "SharedNet\DrawnUi.SharedNet.shproj", "{C4D8F2A1-7B3E-4F9C-A8D6-5E1B9F2C8D3A}"
EndProject
Project("{FAE04EC0-301F-11D3-BF4B-00C04F79EFBC}") = "DrawnUi.Net", "Net\DrawnUi\DrawnUi.Net.csproj", "{51F7EC60-4642-3A6F-6C99-F6F62233C374}"
EndProject
Project("{FAE04EC0-301F-11D3-BF4B-00C04F79EFBC}") = "DrawnUi.OpenTk", "OpenTk\DrawnUi\DrawnUi.OpenTk.csproj", "{ED99DDB0-602D-46F9-AEEF-4AD047BFCE8D}"
EndProject
Project("{FAE04EC0-301F-11D3-BF4B-00C04F79EFBC}") = "DrawnUi.OpenTk.Game", "OpenTk\Addons\DrawnUi.OpenTk.Game\DrawnUi.OpenTk.Game.csproj", "{AF9D42A8-9F94-460C-BB52-D1474332099D}"
EndProject
Project("{2150E333-8FDC-42A3-9474-1A3956D46DE8}") = "OpenTK", "OpenTK", "{839B5706-8D69-43F6-B296-F05615175A72}"
EndProject
Project("{2150E333-8FDC-42A3-9474-1A3956D46DE8}") = "OpenTK", "OpenTK", "{21FAF385-A56F-4844-B7DB-58A4AECD3A75}"
EndProject
Project("{FAE04EC0-301F-11D3-BF4B-00C04F79EFBC}") = "OpenTkGpuHost", "OpenTk\Samples\OpenTkGpuHost\OpenTkGpuHost.csproj", "{86CE4C9C-2FBA-4EAF-8D1C-5B36D6E0FC7B}"
EndProject
Project("{FAE04EC0-301F-11D3-BF4B-00C04F79EFBC}") = "OpenTkPong", "OpenTk\Samples\OpenTkPong\OpenTkPong.csproj", "{ECAD5CD4-35AE-4B34-9462-29D2F5147925}"
EndProject
Project("{FAE04EC0-301F-11D3-BF4B-00C04F79EFBC}") = "DrawnUi.Blazor.Server", "Blazor\DrawnUi.Server\DrawnUi.Blazor.Server.csproj", "{75940C51-6D64-C426-B883-E57EFA0A88CB}"
EndProject
Project("{FAE04EC0-301F-11D3-BF4B-00C04F79EFBC}") = "BlazorSandboxServer", "Blazor\Samples\BlazorSandboxServer\BlazorSandboxServer\BlazorSandboxServer.csproj", "{7D965483-94FC-56F2-357E-2243B6DF9BD6}"
EndProject
Project("{2150E333-8FDC-42A3-9474-1A3956D46DE8}") = "Blazor", "Blazor", "{9E06E6F0-4214-4D7B-9D29-F26B0B44E84D}"
EndProject
Project("{2150E333-8FDC-42A3-9474-1A3956D46DE8}") = "MAUI", "MAUI", "{BC365F4E-F39C-440B-9D0F-05048A884E98}"
EndProject
Project("{2150E333-8FDC-42A3-9474-1A3956D46DE8}") = "Samples", "Samples", "{31616691-6743-4833-B7C9-4A2B6F5443D6}"
EndProject
Project("{2150E333-8FDC-42A3-9474-1A3956D46DE8}") = "MAUI", "MAUI", "{32FF08BC-102F-411B-930A-F1561250A7BE}"
EndProject
Project("{2150E333-8FDC-42A3-9474-1A3956D46DE8}") = "Blazor", "Blazor", "{1F8C6D12-70FC-42BB-B56F-BBD56941C0C4}"
EndProject
Project("{FAE04EC0-301F-11D3-BF4B-00C04F79EFBC}") = "Sandbox", "Maui\Samples\Sandbox\Sandbox.csproj", "{DDBB9807-01E1-22BC-C525-591C7CD5DE6F}"
EndProject
Project("{FAE04EC0-301F-11D3-BF4B-00C04F79EFBC}") = "DrawnUi.Blazor.Wasm", "Blazor\DrawnUi.Wasm\DrawnUi.Blazor.Wasm.csproj", "{8D99F129-8B66-1848-BE06-F93F65B0E242}"
EndProject
Project("{FAE04EC0-301F-11D3-BF4B-00C04F79EFBC}") = "FastRepro", "Maui\Samples\FastRepro\FastRepro.csproj", "{DA3890E5-27F6-AFA3-CE6A-B32052050764}"
EndProject
Project("{FAE04EC0-301F-11D3-BF4B-00C04F79EFBC}") = "DrawnUi.Blazor.Game", "Blazor\Addons\DrawnUi.Blazor.Game\DrawnUi.Blazor.Game.csproj", "{85D50DF4-70CB-1CF6-1B0C-04D4E225CF89}"
EndProject
Project("{FAE04EC0-301F-11D3-BF4B-00C04F79EFBC}") = "DrawnUi.MauiGraphics", "Maui\Addons\DrawnUi.MauiGraphics\DrawnUi.MauiGraphics.csproj", "{446BA69A-8BE0-A502-8478-E6DFAFDDF50E}"
EndProject
Project("{2150E333-8FDC-42A3-9474-1A3956D46DE8}") = "NET", "NET", "{25FCED62-547A-46F8-B879-D192C417F485}"
EndProject
Project("{FAE04EC0-301F-11D3-BF4B-00C04F79EFBC}") = "DrawnUi.Maui.MapsUi", "Maui\Addons\DrawnUi.Maui.MapsUi\DrawnUi.Maui.MapsUi.csproj", "{FADF6785-E873-6CD3-764C-E3A98456EAF8}"
EndProject
Project("{FAE04EC0-301F-11D3-BF4B-00C04F79EFBC}") = "OpenTkOverlay", "OpenTk\Samples\OpenTkOverlay\OpenTkOverlay.csproj", "{4D025E9D-1103-6BDE-1701-DA5B2FC37F24}"
EndProject
Project("{FAE04EC0-301F-11D3-BF4B-00C04F79EFBC}") = "DrawnUiRepro", "..\..\DrawnUiReproIS\DrawnUiRepro.csproj", "{0EE952A6-E870-4FC4-6B64-1DA6548ED2D4}"
EndProject
Project("{FAE04EC0-301F-11D3-BF4B-00C04F79EFBC}") = "LoadMoreRepro", "Blazor\Samples\LoadMoreRepro\LoadMoreRepro.csproj", "{98B017FF-B724-1C79-4C1F-12B16FCE80E2}"
EndProject
Project("{FAE04EC0-301F-11D3-BF4B-00C04F79EFBC}") = "DrawnUi.Net.Tests", "Net\Tests\DrawnUi.Net.Tests\DrawnUi.Net.Tests.csproj", "{0B0407B8-E901-3D01-C252-D7E78F6F30CC}"
EndProject
Project("{FAE04EC0-301F-11D3-BF4B-00C04F79EFBC}") = "VirtualizationHarnessDemo", "Net\Samples\VirtualizationHarnessDemo\VirtualizationHarnessDemo.csproj", "{D44A9119-BC7F-6D66-7AA1-1FE78C18724E}"
EndProject
Project("{D954291E-2A0B-460D-934E-DC6B0785DB48}") = "BlockChampion.Shared", "..\..\BlockChampion\src\Shared\BlockChampion.Shared.shproj", "{4F7B6A38-9545-4C98-958C-CB783F847422}"
EndProject
Project("{FAE04EC0-301F-11D3-BF4B-00C04F79EFBC}") = "BlockChampion.Web", "..\..\BlockChampion\src\Web\BlockChampion.Web.csproj", "{088AA981-9316-9A3D-0524-C58456D56F5E}"
EndProject
Project("{FAE04EC0-301F-11D3-BF4B-00C04F79EFBC}") = "GestureHarnessDemo", "Net\Samples\GestureHarnessDemo\GestureHarnessDemo.csproj", "{6149AF31-F7B2-6A95-E561-46467B6D15B1}"
EndProject
Project("{FAE04EC0-301F-11D3-BF4B-00C04F79EFBC}") = "DrawnUiGestureRepro", "..\..\ReproDrawnUiGestureTransforms\DrawnUiGestureRepro.csproj", "{15F6AE4C-9E16-3158-4252-E9D56EAD3B75}"
EndProject
Project("{FAE04EC0-301F-11D3-BF4B-00C04F79EFBC}") = "BlockChampion.Common", "..\..\BlockChampion\src\Common\BlockChampion.Common.csproj", "{29988A99-6A3F-FAFD-DBED-3E55110EABE1}"
EndProject
Project("{FAE04EC0-301F-11D3-BF4B-00C04F79EFBC}") = "AppoMobi.Maui.DrawnUi.Demo", "..\..\AppoMobi.Maui.DrawnUi.Demo\src\AllDrawn\AppoMobi.Maui.DrawnUi.Demo.csproj", "{B9726DC8-5E20-BF93-5EED-AC166CD612BF}"
EndProject
Project("{FAE04EC0-301F-11D3-BF4B-00C04F79EFBC}") = "DrawnUi.Maui.Camera", "..\..\DrawnUi.Maui.Camera\src\Lib\DrawnUi.Maui.Camera.csproj", "{B908CF8F-86DA-57A3-E68C-E59E36316522}"
EndProject
Project("{FAE04EC0-301F-11D3-BF4B-00C04F79EFBC}") = "OpenTkChatPlanes", "OpenTk\Samples\OpenTkChatPlanes\OpenTkChatPlanes.csproj", "{C93CA2D5-DE15-DA2C-51E0-3215278A9079}"
EndProject
Project("{2150E333-8FDC-42A3-9474-1A3956D46DE8}") = "Web", "Web", "{2611A57E-ECB4-4F46-8434-C730E44AEDC4}"
EndProject
Project("{FAE04EC0-301F-11D3-BF4B-00C04F79EFBC}") = "DrawnUi.Web.Sample", "Web\DrawnUi.Web.Sample\DrawnUi.Web.Sample.csproj", "{7DCAF131-DEE9-C87E-08B5-A934A9DC79F8}"
EndProject
Project("{2150E333-8FDC-42A3-9474-1A3956D46DE8}") = "Web", "Web", "{700980EE-0C23-4A4F-9B69-E0E94D4CDF1E}"
EndProject
Project("{FAE04EC0-301F-11D3-BF4B-00C04F79EFBC}") = "DrawnUi.Web", "Web\DrawnUi.Web\DrawnUi.Web.csproj", "{9C14B0D0-A891-D7C8-80AD-17A065425F9F}"
EndProject
Project("{FAE04EC0-301F-11D3-BF4B-00C04F79EFBC}") = "PongWeb", "Web\Samples\PongWeb\PongWeb.csproj", "{798BF54A-6314-F232-4C04-D97CE4BAF85B}"
EndProject
Project("{D954291E-2A0B-460D-934E-DC6B0785DB48}") = "Pong.Shared", "Samples\Pong.Shared\Pong.Shared.shproj", "{87BD2DFC-ED81-49F7-8391-214D40802417}"
EndProject
Global
	GlobalSection(SolutionConfigurationPlatforms) = preSolution
		Debug|Any CPU = Debug|Any CPU
		Release|Any CPU = Release|Any CPU
	EndGlobalSection
	GlobalSection(ProjectConfigurationPlatforms) = postSolution
		{93E119B1-4378-87DF-2DD2-A818D1E6C2A2}.Debug|Any CPU.ActiveCfg = Debug|Any CPU
		{93E119B1-4378-87DF-2DD2-A818D1E6C2A2}.Debug|Any CPU.Build.0 = Debug|Any CPU
		{93E119B1-4378-87DF-2DD2-A818D1E6C2A2}.Release|Any CPU.ActiveCfg = Release|Any CPU
		{93E119B1-4378-87DF-2DD2-A818D1E6C2A2}.Release|Any CPU.Build.0 = Release|Any CPU
		{A600FD05-5DE5-E382-DB79-8E53AD2FED7E}.Debug|Any CPU.ActiveCfg = Debug|Any CPU
		{A600FD05-5DE5-E382-DB79-8E53AD2FED7E}.Debug|Any CPU.Build.0 = Debug|Any CPU
		{A600FD05-5DE5-E382-DB79-8E53AD2FED7E}.Release|Any CPU.ActiveCfg = Release|Any CPU
		{A600FD05-5DE5-E382-DB79-8E53AD2FED7E}.Release|Any CPU.Build.0 = Release|Any CPU
		{D1B96898-763F-4BB2-A7A5-1F388B0A2703}.Debug|Any CPU.ActiveCfg = Debug|Any CPU
		{D1B96898-763F-4BB2-A7A5-1F388B0A2703}.Debug|Any CPU.Build.0 = Debug|Any CPU
		{D1B96898-763F-4BB2-A7A5-1F388B0A2703}.Release|Any CPU.ActiveCfg = Release|Any CPU
		{D1B96898-763F-4BB2-A7A5-1F388B0A2703}.Release|Any CPU.Build.0 = Release|Any CPU
		{7A411DC6-774F-CE71-459E-2515E1D3AF92}.Debug|Any CPU.ActiveCfg = Debug|Any CPU
		{7A411DC6-774F-CE71-459E-2515E1D3AF92}.Debug|Any CPU.Build.0 = Debug|Any CPU
		{7A411DC6-774F-CE71-459E-2515E1D3AF92}.Release|Any CPU.ActiveCfg = Release|Any CPU
		{7A411DC6-774F-CE71-459E-2515E1D3AF92}.Release|Any CPU.Build.0 = Release|Any CPU
		{991D6033-78C9-5E0A-7D5A-6A8D48CAFD1F}.Debug|Any CPU.ActiveCfg = Debug|Any CPU
		{991D6033-78C9-5E0A-7D5A-6A8D48CAFD1F}.Debug|Any CPU.Build.0 = Debug|Any CPU
		{991D6033-78C9-5E0A-7D5A-6A8D48CAFD1F}.Debug|Any CPU.Deploy.0 = Debug|Any CPU
		{991D6033-78C9-5E0A-7D5A-6A8D48CAFD1F}.Release|Any CPU.ActiveCfg = Release|Any CPU
		{991D6033-78C9-5E0A-7D5A-6A8D48CAFD1F}.Release|Any CPU.Build.0 = Release|Any CPU
		{51F7EC60-4642-3A6F-6C99-F6F62233C374}.Debug|Any CPU.ActiveCfg = Debug|Any CPU
		{51F7EC60-4642-3A6F-6C99-F6F62233C374}.Debug|Any CPU.Build.0 = Debug|Any CPU
		{51F7EC60-4642-3A6F-6C99-F6F62233C374}.Release|Any CPU.ActiveCfg = Release|Any CPU
		{51F7EC60-4642-3A6F-6C99-F6F62233C374}.Release|Any CPU.Build.0 = Release|Any CPU
		{ED99DDB0-602D-46F9-AEEF-4AD047BFCE8D}.Debug|Any CPU.ActiveCfg = Debug|Any CPU
		{ED99DDB0-602D-46F9-AEEF-4AD047BFCE8D}.Debug|Any CPU.Build.0 = Debug|Any CPU
		{ED99DDB0-602D-46F9-AEEF-4AD047BFCE8D}.Release|Any CPU.ActiveCfg = Release|Any CPU
		{ED99DDB0-602D-46F9-AEEF-4AD047BFCE8D}.Release|Any CPU.Build.0 = Release|Any CPU
		{AF9D42A8-9F94-460C-BB52-D1474332099D}.Debug|Any CPU.ActiveCfg = Debug|Any CPU
		{AF9D42A8-9F94-460C-BB52-D1474332099D}.Debug|Any CPU.Build.0 = Debug|Any CPU
		{AF9D42A8-9F94-460C-BB52-D1474332099D}.Release|Any CPU.ActiveCfg = Release|Any CPU
		{AF9D42A8-9F94-460C-BB52-D1474332099D}.Release|Any CPU.Build.0 = Release|Any CPU
		{86CE4C9C-2FBA-4EAF-8D1C-5B36D6E0FC7B}.Debug|Any CPU.ActiveCfg = Debug|Any CPU
		{86CE4C9C-2FBA-4EAF-8D1C-5B36D6E0FC7B}.Debug|Any CPU.Build.0 = Debug|Any CPU
		{86CE4C9C-2FBA-4EAF-8D1C-5B36D6E0FC7B}.Release|Any CPU.ActiveCfg = Release|Any CPU
		{86CE4C9C-2FBA-4EAF-8D1C-5B36D6E0FC7B}.Release|Any CPU.Build.0 = Release|Any CPU
		{ECAD5CD4-35AE-4B34-9462-29D2F5147925}.Debug|Any CPU.ActiveCfg = Debug|Any CPU
		{ECAD5CD4-35AE-4B34-9462-29D2F5147925}.Debug|Any CPU.Build.0 = Debug|Any CPU
		{ECAD5CD4-35AE-4B34-9462-29D2F5147925}.Release|Any CPU.ActiveCfg = Release|Any CPU
		{ECAD5CD4-35AE-4B34-9462-29D2F5147925}.Release|Any CPU.Build.0 = Release|Any CPU
		{75940C51-6D64-C426-B883-E57EFA0A88CB}.Debug|Any CPU.ActiveCfg = Debug|Any CPU
		{75940C51-6D64-C426-B883-E57EFA0A88CB}.Debug|Any CPU.Build.0 = Debug|Any CPU
		{75940C51-6D64-C426-B883-E57EFA0A88CB}.Release|Any CPU.ActiveCfg = Release|Any CPU
		{75940C51-6D64-C426-B883-E57EFA0A88CB}.Release|Any CPU.Build.0 = Release|Any CPU
		{7D965483-94FC-56F2-357E-2243B6DF9BD6}.Debug|Any CPU.ActiveCfg = Debug|Any CPU
		{7D965483-94FC-56F2-357E-2243B6DF9BD6}.Debug|Any CPU.Build.0 = Debug|Any CPU
		{7D965483-94FC-56F2-357E-2243B6DF9BD6}.Release|Any CPU.ActiveCfg = Release|Any CPU
		{7D965483-94FC-56F2-357E-2243B6DF9BD6}.Release|Any CPU.Build.0 = Release|Any CPU
		{DDBB9807-01E1-22BC-C525-591C7CD5DE6F}.Debug|Any CPU.ActiveCfg = Debug|Any CPU
		{DDBB9807-01E1-22BC-C525-591C7CD5DE6F}.Debug|Any CPU.Build.0 = Debug|Any CPU
		{DDBB9807-01E1-22BC-C525-591C7CD5DE6F}.Debug|Any CPU.Deploy.0 = Debug|Any CPU
		{DDBB9807-01E1-22BC-C525-591C7CD5DE6F}.Release|Any CPU.ActiveCfg = Release|Any CPU
		{DDBB9807-01E1-22BC-C525-591C7CD5DE6F}.Release|Any CPU.Build.0 = Release|Any CPU
		{8D99F129-8B66-1848-BE06-F93F65B0E242}.Debug|Any CPU.ActiveCfg = Debug|Any CPU
		{8D99F129-8B66-1848-BE06-F93F65B0E242}.Debug|Any CPU.Build.0 = Debug|Any CPU
		{8D99F129-8B66-1848-BE06-F93F65B0E242}.Release|Any CPU.ActiveCfg = Release|Any CPU
		{8D99F129-8B66-1848-BE06-F93F65B0E242}.Release|Any CPU.Build.0 = Release|Any CPU
		{DA3890E5-27F6-AFA3-CE6A-B32052050764}.Debug|Any CPU.ActiveCfg = Debug|Any CPU
		{DA3890E5-27F6-AFA3-CE6A-B32052050764}.Debug|Any CPU.Build.0 = Debug|Any CPU
		{DA3890E5-27F6-AFA3-CE6A-B32052050764}.Debug|Any CPU.Deploy.0 = Debug|Any CPU
		{DA3890E5-27F6-AFA3-CE6A-B32052050764}.Release|Any CPU.ActiveCfg = Release|Any CPU
		{DA3890E5-27F6-AFA3-CE6A-B32052050764}.Release|Any CPU.Build.0 = Release|Any CPU
		{DA3890E5-27F6-AFA3-CE6A-B32052050764}.Release|Any CPU.Deploy.0 = Release|Any CPU
		{85D50DF4-70CB-1CF6-1B0C-04D4E225CF89}.Debug|Any CPU.ActiveCfg = Debug|Any CPU
		{85D50DF4-70CB-1CF6-1B0C-04D4E225CF89}.Debug|Any CPU.Build.0 = Debug|Any CPU
		{85D50DF4-70CB-1CF6-1B0C-04D4E225CF89}.Release|Any CPU.ActiveCfg = Release|Any CPU
		{85D50DF4-70CB-1CF6-1B0C-04D4E225CF89}.Release|Any CPU.Build.0 = Release|Any CPU
		{446BA69A-8BE0-A502-8478-E6DFAFDDF50E}.Debug|Any CPU.ActiveCfg = Debug|Any CPU
		{446BA69A-8BE0-A502-8478-E6DFAFDDF50E}.Debug|Any CPU.Build.0 = Debug|Any CPU
		{446BA69A-8BE0-A502-8478-E6DFAFDDF50E}.Release|Any CPU.ActiveCfg = Release|Any CPU
		{446BA69A-8BE0-A502-8478-E6DFAFDDF50E}.Release|Any CPU.Build.0 = Release|Any CPU
		{FADF6785-E873-6CD3-764C-E3A98456EAF8}.Debug|Any CPU.ActiveCfg = Debug|Any CPU
		{FADF6785-E873-6CD3-764C-E3A98456EAF8}.Debug|Any CPU.Build.0 = Debug|Any CPU
		{FADF6785-E873-6CD3-764C-E3A98456EAF8}.Release|Any CPU.ActiveCfg = Release|Any CPU
		{FADF6785-E873-6CD3-764C-E3A98456EAF8}.Release|Any CPU.Build.0 = Release|Any CPU
		{4D025E9D-1103-6BDE-1701-DA5B2FC37F24}.Debug|Any CPU.ActiveCfg = Debug|Any CPU
		{4D025E9D-1103-6BDE-1701-DA5B2FC37F24}.Debug|Any CPU.Build.0 = Debug|Any CPU
		{4D025E9D-1103-6BDE-1701-DA5B2FC37F24}.Release|Any CPU.ActiveCfg = Release|Any CPU
		{4D025E9D-1103-6BDE-1701-DA5B2FC37F24}.Release|Any CPU.Build.0 = Release|Any CPU
		{0EE952A6-E870-4FC4-6B64-1DA6548ED2D4}.Debug|Any CPU.ActiveCfg = Debug|Any CPU
		{0EE952A6-E870-4FC4-6B64-1DA6548ED2D4}.Debug|Any CPU.Build.0 = Debug|Any CPU
		{0EE952A6-E870-4FC4-6B64-1DA6548ED2D4}.Debug|Any CPU.Deploy.0 = Debug|Any CPU
		{0EE952A6-E870-4FC4-6B64-1DA6548ED2D4}.Release|Any CPU.ActiveCfg = Release|Any CPU
		{0EE952A6-E870-4FC4-6B64-1DA6548ED2D4}.Release|Any CPU.Build.0 = Release|Any CPU
		{98B017FF-B724-1C79-4C1F-12B16FCE80E2}.Debug|Any CPU.ActiveCfg = Debug|Any CPU
		{98B017FF-B724-1C79-4C1F-12B16FCE80E2}.Debug|Any CPU.Build.0 = Debug|Any CPU
		{98B017FF-B724-1C79-4C1F-12B16FCE80E2}.Release|Any CPU.ActiveCfg = Release|Any CPU
		{98B017FF-B724-1C79-4C1F-12B16FCE80E2}.Release|Any CPU.Build.0 = Release|Any CPU
		{0B0407B8-E901-3D01-C252-D7E78F6F30CC}.Debug|Any CPU.ActiveCfg = Debug|Any CPU
		{0B0407B8-E901-3D01-C252-D7E78F6F30CC}.Debug|Any CPU.Build.0 = Debug|Any CPU
		{0B0407B8-E901-3D01-C252-D7E78F6F30CC}.Release|Any CPU.ActiveCfg = Release|Any CPU
		{0B0407B8-E901-3D01-C252-D7E78F6F30CC}.Release|Any CPU.Build.0 = Release|Any CPU
		{D44A9119-BC7F-6D66-7AA1-1FE78C18724E}.Debug|Any CPU.ActiveCfg = Debug|Any CPU
		{D44A9119-BC7F-6D66-7AA1-1FE78C18724E}.Debug|Any CPU.Build.0 = Debug|Any CPU
		{D44A9119-BC7F-6D66-7AA1-1FE78C18724E}.Release|Any CPU.ActiveCfg = Release|Any CPU
		{D44A9119-BC7F-6D66-7AA1-1FE78C18724E}.Release|Any CPU.Build.0 = Release|Any CPU
		{088AA981-9316-9A3D-0524-C58456D56F5E}.Debug|Any CPU.ActiveCfg = Debug|Any CPU
		{088AA981-9316-9A3D-0524-C58456D56F5E}.Debug|Any CPU.Build.0 = Debug|Any CPU
		{088AA981-9316-9A3D-0524-C58456D56F5E}.Release|Any CPU.ActiveCfg = Release|Any CPU
		{088AA981-9316-9A3D-0524-C58456D56F5E}.Release|Any CPU.Build.0 = Release|Any CPU
		{6149AF31-F7B2-6A95-E561-46467B6D15B1}.Debug|Any CPU.ActiveCfg = Debug|Any CPU
		{6149AF31-F7B2-6A95-E561-46467B6D15B1}.Debug|Any CPU.Build.0 = Debug|Any CPU
		{6149AF31-F7B2-6A95-E561-46467B6D15B1}.Release|Any CPU.ActiveCfg = Release|Any CPU
		{6149AF31-F7B2-6A95-E561-46467B6D15B1}.Release|Any CPU.Build.0 = Release|Any CPU
		{15F6AE4C-9E16-3158-4252-E9D56EAD3B75}.Debug|Any CPU.ActiveCfg = Debug|Any CPU
		{15F6AE4C-9E16-3158-4252-E9D56EAD3B75}.Debug|Any CPU.Build.0 = Debug|Any CPU
		{15F6AE4C-9E16-3158-4252-E9D56EAD3B75}.Debug|Any CPU.Deploy.0 = Debug|Any CPU
		{15F6AE4C-9E16-3158-4252-E9D56EAD3B75}.Release|Any CPU.ActiveCfg = Release|Any CPU
		{15F6AE4C-9E16-3158-4252-E9D56EAD3B75}.Release|Any CPU.Build.0 = Release|Any CPU
		{29988A99-6A3F-FAFD-DBED-3E55110EABE1}.Debug|Any CPU.ActiveCfg = Debug|Any CPU
		{29988A99-6A3F-FAFD-DBED-3E55110EABE1}.Debug|Any CPU.Build.0 = Debug|Any CPU
		{29988A99-6A3F-FAFD-DBED-3E55110EABE1}.Release|Any CPU.ActiveCfg = Release|Any CPU
		{29988A99-6A3F-FAFD-DBED-3E55110EABE1}.Release|Any CPU.Build.0 = Release|Any CPU
		{B9726DC8-5E20-BF93-5EED-AC166CD612BF}.Debug|Any CPU.ActiveCfg = Debug|Any CPU
		{B9726DC8-5E20-BF93-5EED-AC166CD612BF}.Debug|Any CPU.Build.0 = Debug|Any CPU
		{B9726DC8-5E20-BF93-5EED-AC166CD612BF}.Debug|Any CPU.Deploy.0 = Debug|Any CPU
		{B9726DC8-5E20-BF93-5EED-AC166CD612BF}.Release|Any CPU.ActiveCfg = Release|Any CPU
		{B9726DC8-5E20-BF93-5EED-AC166CD612BF}.Release|Any CPU.Build.0 = Release|Any CPU
		{B908CF8F-86DA-57A3-E68C-E59E36316522}.Debug|Any CPU.ActiveCfg = Debug|Any CPU
		{B908CF8F-86DA-57A3-E68C-E59E36316522}.Debug|Any CPU.Build.0 = Debug|Any CPU
		{B908CF8F-86DA-57A3-E68C-E59E36316522}.Release|Any CPU.ActiveCfg = Release|Any CPU
		{B908CF8F-86DA-57A3-E68C-E59E36316522}.Release|Any CPU.Build.0 = Release|Any CPU
		{C93CA2D5-DE15-DA2C-51E0-3215278A9079}.Debug|Any CPU.ActiveCfg = Debug|Any CPU
		{C93CA2D5-DE15-DA2C-51E0-3215278A9079}.Debug|Any CPU.Build.0 = Debug|Any CPU
		{C93CA2D5-DE15-DA2C-51E0-3215278A9079}.Release|Any CPU.ActiveCfg = Release|Any CPU
		{C93CA2D5-DE15-DA2C-51E0-3215278A9079}.Release|Any CPU.Build.0 = Release|Any CPU
		{7DCAF131-DEE9-C87E-08B5-A934A9DC79F8}.Debug|Any CPU.ActiveCfg = Debug|Any CPU
		{7DCAF131-DEE9-C87E-08B5-A934A9DC79F8}.Debug|Any CPU.Build.0 = Debug|Any CPU
		{7DCAF131-DEE9-C87E-08B5-A934A9DC79F8}.Release|Any CPU.ActiveCfg = Release|Any CPU
		{7DCAF131-DEE9-C87E-08B5-A934A9DC79F8}.Release|Any CPU.Build.0 = Release|Any CPU
		{9C14B0D0-A891-D7C8-80AD-17A065425F9F}.Debug|Any CPU.ActiveCfg = Debug|Any CPU
		{9C14B0D0-A891-D7C8-80AD-17A065425F9F}.Debug|Any CPU.Build.0 = Debug|Any CPU
		{9C14B0D0-A891-D7C8-80AD-17A065425F9F}.Release|Any CPU.ActiveCfg = Release|Any CPU
		{9C14B0D0-A891-D7C8-80AD-17A065425F9F}.Release|Any CPU.Build.0 = Release|Any CPU
		{798BF54A-6314-F232-4C04-D97CE4BAF85B}.Debug|Any CPU.ActiveCfg = Debug|Any CPU
		{798BF54A-6314-F232-4C04-D97CE4BAF85B}.Debug|Any CPU.Build.0 = Debug|Any CPU
		{798BF54A-6314-F232-4C04-D97CE4BAF85B}.Release|Any CPU.ActiveCfg = Release|Any CPU
		{798BF54A-6314-F232-4C04-D97CE4BAF85B}.Release|Any CPU.Build.0 = Release|Any CPU
	EndGlobalSection
	GlobalSection(SolutionProperties) = preSolution
		HideSolutionNode = FALSE
	EndGlobalSection
	GlobalSection(NestedProjects) = preSolution
		{83974207-9636-48DD-BDB3-98EDECBB1107} = {8ED244C1-6F60-4954-BC7F-98D827EA31CC}
		{93E119B1-4378-87DF-2DD2-A818D1E6C2A2} = {BC365F4E-F39C-440B-9D0F-05048A884E98}
		{A600FD05-5DE5-E382-DB79-8E53AD2FED7E} = {9E06E6F0-4214-4D7B-9D29-F26B0B44E84D}
		{D1B96898-763F-4BB2-A7A5-1F388B0A2703} = {1F8C6D12-70FC-42BB-B56F-BBD56941C0C4}
		{7A411DC6-774F-CE71-459E-2515E1D3AF92} = {BC365F4E-F39C-440B-9D0F-05048A884E98}
		{F1532DEC-E3EE-4616-8F16-B594C891FCC3} = {8ED244C1-6F60-4954-BC7F-98D827EA31CC}
		{991D6033-78C9-5E0A-7D5A-6A8D48CAFD1F} = {32FF08BC-102F-411B-930A-F1561250A7BE}
		{C4D8F2A1-7B3E-4F9C-A8D6-5E1B9F2C8D3A} = {8ED244C1-6F60-4954-BC7F-98D827EA31CC}
		{51F7EC60-4642-3A6F-6C99-F6F62233C374} = {8ED244C1-6F60-4954-BC7F-98D827EA31CC}
		{ED99DDB0-602D-46F9-AEEF-4AD047BFCE8D} = {839B5706-8D69-43F6-B296-F05615175A72}
		{AF9D42A8-9F94-460C-BB52-D1474332099D} = {839B5706-8D69-43F6-B296-F05615175A72}
		{21FAF385-A56F-4844-B7DB-58A4AECD3A75} = {31616691-6743-4833-B7C9-4A2B6F5443D6}
		{86CE4C9C-2FBA-4EAF-8D1C-5B36D6E0FC7B} = {21FAF385-A56F-4844-B7DB-58A4AECD3A75}
		{ECAD5CD4-35AE-4B34-9462-29D2F5147925} = {21FAF385-A56F-4844-B7DB-58A4AECD3A75}
		{75940C51-6D64-C426-B883-E57EFA0A88CB} = {9E06E6F0-4214-4D7B-9D29-F26B0B44E84D}
		{7D965483-94FC-56F2-357E-2243B6DF9BD6} = {1F8C6D12-70FC-42BB-B56F-BBD56941C0C4}
		{32FF08BC-102F-411B-930A-F1561250A7BE} = {31616691-6743-4833-B7C9-4A2B6F5443D6}
		{1F8C6D12-70FC-42BB-B56F-BBD56941C0C4} = {31616691-6743-4833-B7C9-4A2B6F5443D6}
		{DDBB9807-01E1-22BC-C525-591C7CD5DE6F} = {32FF08BC-102F-411B-930A-F1561250A7BE}
		{8D99F129-8B66-1848-BE06-F93F65B0E242} = {9E06E6F0-4214-4D7B-9D29-F26B0B44E84D}
		{DA3890E5-27F6-AFA3-CE6A-B32052050764} = {32FF08BC-102F-411B-930A-F1561250A7BE}
		{85D50DF4-70CB-1CF6-1B0C-04D4E225CF89} = {9E06E6F0-4214-4D7B-9D29-F26B0B44E84D}
		{446BA69A-8BE0-A502-8478-E6DFAFDDF50E} = {BC365F4E-F39C-440B-9D0F-05048A884E98}
		{25FCED62-547A-46F8-B879-D192C417F485} = {31616691-6743-4833-B7C9-4A2B6F5443D6}
		{FADF6785-E873-6CD3-764C-E3A98456EAF8} = {BC365F4E-F39C-440B-9D0F-05048A884E98}
		{4D025E9D-1103-6BDE-1701-DA5B2FC37F24} = {21FAF385-A56F-4844-B7DB-58A4AECD3A75}
		{0EE952A6-E870-4FC4-6B64-1DA6548ED2D4} = {32FF08BC-102F-411B-930A-F1561250A7BE}
		{98B017FF-B724-1C79-4C1F-12B16FCE80E2} = {1F8C6D12-70FC-42BB-B56F-BBD56941C0C4}
		{0B0407B8-E901-3D01-C252-D7E78F6F30CC} = {25FCED62-547A-46F8-B879-D192C417F485}
		{D44A9119-BC7F-6D66-7AA1-1FE78C18724E} = {25FCED62-547A-46F8-B879-D192C417F485}
		{4F7B6A38-9545-4C98-958C-CB783F847422} = {1F8C6D12-70FC-42BB-B56F-BBD56941C0C4}
		{088AA981-9316-9A3D-0524-C58456D56F5E} = {1F8C6D12-70FC-42BB-B56F-BBD56941C0C4}
		{6149AF31-F7B2-6A95-E561-46467B6D15B1} = {25FCED62-547A-46F8-B879-D192C417F485}
		{15F6AE4C-9E16-3158-4252-E9D56EAD3B75} = {32FF08BC-102F-411B-930A-F1561250A7BE}
		{29988A99-6A3F-FAFD-DBED-3E55110EABE1} = {1F8C6D12-70FC-42BB-B56F-BBD56941C0C4}
		{B9726DC8-5E20-BF93-5EED-AC166CD612BF} = {32FF08BC-102F-411B-930A-F1561250A7BE}
		{B908CF8F-86DA-57A3-E68C-E59E36316522} = {32FF08BC-102F-411B-930A-F1561250A7BE}
		{C93CA2D5-DE15-DA2C-51E0-3215278A9079} = {21FAF385-A56F-4844-B7DB-58A4AECD3A75}
		{2611A57E-ECB4-4F46-8434-C730E44AEDC4} = {31616691-6743-4833-B7C9-4A2B6F5443D6}
		{7DCAF131-DEE9-C87E-08B5-A934A9DC79F8} = {2611A57E-ECB4-4F46-8434-C730E44AEDC4}
		{9C14B0D0-A891-D7C8-80AD-17A065425F9F} = {700980EE-0C23-4A4F-9B69-E0E94D4CDF1E}
		{798BF54A-6314-F232-4C04-D97CE4BAF85B} = {2611A57E-ECB4-4F46-8434-C730E44AEDC4}
		{87BD2DFC-ED81-49F7-8391-214D40802417} = {2611A57E-ECB4-4F46-8434-C730E44AEDC4}
	EndGlobalSection
	GlobalSection(ExtensibilityGlobals) = postSolution
		SolutionGuid = {329E3D0C-A3F7-4A3E-B61C-6B2D1BD7F708}
	EndGlobalSection
	GlobalSection(SharedMSBuildProjectFiles) = preSolution
		..\..\BlockChampion\src\Shared\BlockChampion.Shared.projitems*{088aa981-9316-9a3d-0524-c58456d56f5e}*SharedItemsImports = 5
		..\..\BlockChampion\src\Shared\BlockChampion.Shared.projitems*{4f7b6a38-9545-4c98-958c-cb783f847422}*SharedItemsImports = 13
		Shared\Shared.projitems*{51f7ec60-4642-3a6f-6c99-f6f62233c374}*SharedItemsImports = 5
		Samples\Pong.Shared\Pong.Shared.projitems*{798bf54a-6314-f232-4c04-d97ce4baf85b}*SharedItemsImports = 5
		SharedGame\SharedGame.projitems*{7a411dc6-774f-ce71-459e-2515e1d3af92}*SharedItemsImports = 5
		Shared\Shared.projitems*{83974207-9636-48dd-bdb3-98edecbb1107}*SharedItemsImports = 13
		SharedGame\SharedGame.projitems*{85d50df4-70cb-1cf6-1b0c-04d4e225cf89}*SharedItemsImports = 5
		Samples\Pong.Shared\Pong.Shared.projitems*{87bd2dfc-ed81-49f7-8391-214d40802417}*SharedItemsImports = 13
		Shared\Shared.projitems*{93e119b1-4378-87df-2dd2-a818d1e6c2a2}*SharedItemsImports = 5
		Shared\Shared.projitems*{9c14b0d0-a891-d7c8-80ad-17a065425f9f}*SharedItemsImports = 5
		Shared\Shared.projitems*{a600fd05-5de5-e382-db79-8e53ad2fed7e}*SharedItemsImports = 5
		SharedGame\SharedGame.projitems*{af9d42a8-9f94-460c-bb52-d1474332099d}*SharedItemsImports = 5
		SharedNet\SharedNet.projitems*{c4d8f2a1-7b3e-4f9c-a8d6-5e1b9f2c8d3a}*SharedItemsImports = 13
		Samples\Pong.Shared\Pong.Shared.projitems*{d1b96898-763f-4bb2-a7a5-1f388b0a2703}*SharedItemsImports = 5
		Shared\Shared.projitems*{ed99ddb0-602d-46f9-aeef-4ad047bfce8d}*SharedItemsImports = 5
		SharedGame\SharedGame.projitems*{f1532dec-e3ee-4616-8f16-b594c891fcc3}*SharedItemsImports = 13
	EndGlobalSection
EndGlobal
